
Microsoft Visual Studio Solution File, Format Version 11.00
# Visual Studio 2010
Project("{FAE04EC0-301F-11D3-BF4B-00C04F79EFBC}") = "MemberCenter", "MemberCenter\MemberCenter.csproj", "{800E4047-8FA9-4532-BAF7-0D0D6E81C364}"
EndProject
Global
	GlobalSection(SolutionConfigurationPlatforms) = preSolution
		Debug|Any CPU = Debug|Any CPU
		Release|Any CPU = Release|Any CPU
	EndGlobalSection
	GlobalSection(ProjectConfigurationPlatforms) = postSolution
		{800E4047-8FA9-4532-BAF7-0D0D6E81C364}.Debug|Any CPU.ActiveCfg = Debug|Any CPU
		{800E4047-8FA9-4532-BAF7-0D0D6E81C364}.Debug|Any CPU.Build.0 = Debug|Any CPU
		{800E4047-8FA9-4532-BAF7-0D0D6E81C364}.Release|Any CPU.ActiveCfg = Release|Any CPU
		{800E4047-8FA9-4532-BAF7-0D0D6E81C364}.Release|Any CPU.Build.0 = Release|Any CPU
	EndGlobalSection
	GlobalSection(SolutionProperties) = preSolution
		HideSolutionNode = FALSE
	EndGlobalSection
EndGlobal
